// !$*UTF8*$!
{
	archiveVersion = 1;
	classes = {
	};
	objectVersion = 56;
	objects = {

/* Begin PBXBuildFile section */
		090143082B4C052D006EAE30 /* OnBoardingModel.swift in Sources */ = {isa = PBXBuildFile; fileRef = 090143072B4C052D006EAE30 /* OnBoardingModel.swift */; };
		0901430A2B4C18B2006EAE30 /* TextField+.swift in Sources */ = {isa = PBXBuildFile; fileRef = 090143092B4C18B2006EAE30 /* TextField+.swift */; };
		0901430C2B4C2E21006EAE30 /* JobCollectionViewCell.swift in Sources */ = {isa = PBXBuildFile; fileRef = 0901430B2B4C2E21006EAE30 /* JobCollectionViewCell.swift */; };
		0901430E2B4C3612006EAE30 /* CollectionView+.swift in Sources */ = {isa = PBXBuildFile; fileRef = 0901430D2B4C3612006EAE30 /* CollectionView+.swift */; };
		09073D362B46F87E00D840EC /* AppDelegate.swift in Sources */ = {isa = PBXBuildFile; fileRef = 09073D352B46F87E00D840EC /* AppDelegate.swift */; };
		09073D382B46F87E00D840EC /* SceneDelegate.swift in Sources */ = {isa = PBXBuildFile; fileRef = 09073D372B46F87E00D840EC /* SceneDelegate.swift */; };
		09073D3F2B46F88200D840EC /* Assets.xcassets in Resources */ = {isa = PBXBuildFile; fileRef = 09073D3E2B46F88200D840EC /* Assets.xcassets */; };
		09073D422B46F88200D840EC /* LaunchScreen.storyboard in Resources */ = {isa = PBXBuildFile; fileRef = 09073D402B46F88200D840EC /* LaunchScreen.storyboard */; };
		09073D512B46FEBA00D840EC /* tempData.swift in Sources */ = {isa = PBXBuildFile; fileRef = 09073D502B46FEBA00D840EC /* tempData.swift */; };
		0967D8B12B4A60F1009CFD0A /* tempInput.swift in Sources */ = {isa = PBXBuildFile; fileRef = 0967D8B02B4A60F1009CFD0A /* tempInput.swift */; };
		0967D8B82B4A6128009CFD0A /* AgreeViewController.swift in Sources */ = {isa = PBXBuildFile; fileRef = 0967D8B72B4A6128009CFD0A /* AgreeViewController.swift */; };
		0967D8C22B4A62CA009CFD0A /* Pretendard-ExtraBold.otf in Resources */ = {isa = PBXBuildFile; fileRef = 0967D8B92B4A62C9009CFD0A /* Pretendard-ExtraBold.otf */; };
		0967D8C32B4A62CA009CFD0A /* Pretendard-SemiBold.otf in Resources */ = {isa = PBXBuildFile; fileRef = 0967D8BA2B4A62C9009CFD0A /* Pretendard-SemiBold.otf */; };
		0967D8C42B4A62CA009CFD0A /* Pretendard-Light.otf in Resources */ = {isa = PBXBuildFile; fileRef = 0967D8BB2B4A62C9009CFD0A /* Pretendard-Light.otf */; };
		0967D8C52B4A62CA009CFD0A /* Pretendard-Regular.otf in Resources */ = {isa = PBXBuildFile; fileRef = 0967D8BC2B4A62C9009CFD0A /* Pretendard-Regular.otf */; };
		0967D8C62B4A62CA009CFD0A /* Pretendard-ExtraLight.otf in Resources */ = {isa = PBXBuildFile; fileRef = 0967D8BD2B4A62C9009CFD0A /* Pretendard-ExtraLight.otf */; };
		0967D8C72B4A62CA009CFD0A /* Pretendard-Bold.otf in Resources */ = {isa = PBXBuildFile; fileRef = 0967D8BE2B4A62C9009CFD0A /* Pretendard-Bold.otf */; };
		0967D8C82B4A62CA009CFD0A /* Pretendard-Black.otf in Resources */ = {isa = PBXBuildFile; fileRef = 0967D8BF2B4A62CA009CFD0A /* Pretendard-Black.otf */; };
		0967D8C92B4A62CA009CFD0A /* Pretendard-Medium.otf in Resources */ = {isa = PBXBuildFile; fileRef = 0967D8C02B4A62CA009CFD0A /* Pretendard-Medium.otf */; };
		0967D8CA2B4A62CA009CFD0A /* Pretendard-Thin.otf in Resources */ = {isa = PBXBuildFile; fileRef = 0967D8C12B4A62CA009CFD0A /* Pretendard-Thin.otf */; };
		0967D8CD2B4A7417009CFD0A /* DayCaratCheckBox.swift in Sources */ = {isa = PBXBuildFile; fileRef = 0967D8CC2B4A7417009CFD0A /* DayCaratCheckBox.swift */; };
		0967D8CF2B4AE19E009CFD0A /* AgreeViewModel.swift in Sources */ = {isa = PBXBuildFile; fileRef = 0967D8CE2B4AE19E009CFD0A /* AgreeViewModel.swift */; };
		0967D8D22B4AE733009CFD0A /* RxGesture in Frameworks */ = {isa = PBXBuildFile; productRef = 0967D8D12B4AE733009CFD0A /* RxGesture */; };
		0967D8DB2B4AF04F009CFD0A /* BaseView.swift in Sources */ = {isa = PBXBuildFile; fileRef = 0967D8DA2B4AF04F009CFD0A /* BaseView.swift */; };
		0967D8DD2B4AFB13009CFD0A /* IntroCollectionViewCell.swift in Sources */ = {isa = PBXBuildFile; fileRef = 0967D8DC2B4AFB13009CFD0A /* IntroCollectionViewCell.swift */; };
		09BDC1D12B4D63F400C07F34 /* ScrollView+.swift in Sources */ = {isa = PBXBuildFile; fileRef = 09BDC1D02B4D63F400C07F34 /* ScrollView+.swift */; };
		09BDC1D32B4D7E1100C07F34 /* RecentEpiCollectionViewCell.swift in Sources */ = {isa = PBXBuildFile; fileRef = 09BDC1D22B4D7E1100C07F34 /* RecentEpiCollectionViewCell.swift */; };
		09BDC1D52B4D818200C07F34 /* BannerCollectionViewCell.swift in Sources */ = {isa = PBXBuildFile; fileRef = 09BDC1D42B4D818200C07F34 /* BannerCollectionViewCell.swift */; };
		09BDC1D72B4D84F900C07F34 /* NewsCollectionViewCell.swift in Sources */ = {isa = PBXBuildFile; fileRef = 09BDC1D62B4D84F900C07F34 /* NewsCollectionViewCell.swift */; };
		09BDC1D92B4D8AF300C07F34 /* EpisodeInputViewController.swift in Sources */ = {isa = PBXBuildFile; fileRef = 09BDC1D82B4D8AF300C07F34 /* EpisodeInputViewController.swift */; };
		09BDC1DB2B4D8DE600C07F34 /* NavigationController+.swift in Sources */ = {isa = PBXBuildFile; fileRef = 09BDC1DA2B4D8DE600C07F34 /* NavigationController+.swift */; };
		09BDC1DD2B4D966E00C07F34 /* JewelryViewController.swift in Sources */ = {isa = PBXBuildFile; fileRef = 09BDC1DC2B4D966E00C07F34 /* JewelryViewController.swift */; };
		09BDC1DF2B4D96AF00C07F34 /* MyPageViewController.swift in Sources */ = {isa = PBXBuildFile; fileRef = 09BDC1DE2B4D96AF00C07F34 /* MyPageViewController.swift */; };
		DE5F410F2B4B841500581075 /* SkeletonView in Frameworks */ = {isa = PBXBuildFile; productRef = DE5F410E2B4B841500581075 /* SkeletonView */; };
		DE5F41122B4B883400581075 /* IntroModel.swift in Sources */ = {isa = PBXBuildFile; fileRef = DE5F41112B4B883400581075 /* IntroModel.swift */; };
		DE5F41142B4B8CF400581075 /* CustomPageControlView.swift in Sources */ = {isa = PBXBuildFile; fileRef = DE5F41132B4B8CF400581075 /* CustomPageControlView.swift */; };
		DE5F41162B4B90A700581075 /* IntroViewModel.swift in Sources */ = {isa = PBXBuildFile; fileRef = DE5F41152B4B90A700581075 /* IntroViewModel.swift */; };
		DE5F41192B4B90E300581075 /* ViewModelType.swift in Sources */ = {isa = PBXBuildFile; fileRef = DE5F41182B4B90E300581075 /* ViewModelType.swift */; };
		DE5F41222B4B92B500581075 /* tempRepository.swift in Sources */ = {isa = PBXBuildFile; fileRef = DE5F41212B4B92B500581075 /* tempRepository.swift */; };
		DE5F41252B4B92CE00581075 /* tempDTO.swift in Sources */ = {isa = PBXBuildFile; fileRef = DE5F41242B4B92CE00581075 /* tempDTO.swift */; };
		DE5F41282B4B92DA00581075 /* tempService.swift in Sources */ = {isa = PBXBuildFile; fileRef = DE5F41272B4B92DA00581075 /* tempService.swift */; };
		DE5F412A2B4B953A00581075 /* IntroUseCase.swift in Sources */ = {isa = PBXBuildFile; fileRef = DE5F41292B4B953A00581075 /* IntroUseCase.swift */; };
		DE5F412D2B4BC50100581075 /* Coordinator.swift in Sources */ = {isa = PBXBuildFile; fileRef = DE5F412C2B4BC50100581075 /* Coordinator.swift */; };
		DE5F41302B4BD24A00581075 /* OnBoardingViewController.swift in Sources */ = {isa = PBXBuildFile; fileRef = DE5F412F2B4BD24A00581075 /* OnBoardingViewController.swift */; };
		DE5F41322B4BD27000581075 /* OnBoardingViewModel.swift in Sources */ = {isa = PBXBuildFile; fileRef = DE5F41312B4BD27000581075 /* OnBoardingViewModel.swift */; };
		DE5F41342B4BD2EB00581075 /* OnBoardingUseCase.swift in Sources */ = {isa = PBXBuildFile; fileRef = DE5F41332B4BD2EB00581075 /* OnBoardingUseCase.swift */; };
		DE5F41362B4BD2F500581075 /* OnBoardingInterface.swift in Sources */ = {isa = PBXBuildFile; fileRef = DE5F41352B4BD2F500581075 /* OnBoardingInterface.swift */; };
		DE5F41382B4BD30200581075 /* OnBoardingRepository.swift in Sources */ = {isa = PBXBuildFile; fileRef = DE5F41372B4BD30200581075 /* OnBoardingRepository.swift */; };
		DE5F413B2B4BD43300581075 /* InputNameSection.swift in Sources */ = {isa = PBXBuildFile; fileRef = DE5F413A2B4BD43300581075 /* InputNameSection.swift */; };
		DE5F413D2B4BD7F200581075 /* JobSection.swift in Sources */ = {isa = PBXBuildFile; fileRef = DE5F413C2B4BD7F200581075 /* JobSection.swift */; };
		DE5F413F2B4BD80D00581075 /* StrengthSection.swift in Sources */ = {isa = PBXBuildFile; fileRef = DE5F413E2B4BD80D00581075 /* StrengthSection.swift */; };
		DE5F41422B4BE05200581075 /* Differentiator in Frameworks */ = {isa = PBXBuildFile; productRef = DE5F41412B4BE05200581075 /* Differentiator */; };
		DE5F41442B4BE05200581075 /* RxDataSources in Frameworks */ = {isa = PBXBuildFile; productRef = DE5F41432B4BE05200581075 /* RxDataSources */; };
		DE5F41462B4BE39100581075 /* OnBoardingCollectionViewCell.swift in Sources */ = {isa = PBXBuildFile; fileRef = DE5F41452B4BE39100581075 /* OnBoardingCollectionViewCell.swift */; };
		DE8479882B47907D00471B4F /* LoginViewController.swift in Sources */ = {isa = PBXBuildFile; fileRef = DE8479872B47907D00471B4F /* LoginViewController.swift */; };
		DE84798B2B4790B500471B4F /* RxBlocking in Frameworks */ = {isa = PBXBuildFile; productRef = DE84798A2B4790B500471B4F /* RxBlocking */; };
		DE84798D2B4790B500471B4F /* RxBlocking-Dynamic in Frameworks */ = {isa = PBXBuildFile; productRef = DE84798C2B4790B500471B4F /* RxBlocking-Dynamic */; };
		DE84798F2B4790B500471B4F /* RxCocoa in Frameworks */ = {isa = PBXBuildFile; productRef = DE84798E2B4790B500471B4F /* RxCocoa */; };
		DE8479912B4790B500471B4F /* RxCocoa-Dynamic in Frameworks */ = {isa = PBXBuildFile; productRef = DE8479902B4790B500471B4F /* RxCocoa-Dynamic */; };
		DE8479932B4790B500471B4F /* RxRelay in Frameworks */ = {isa = PBXBuildFile; productRef = DE8479922B4790B500471B4F /* RxRelay */; };
		DE8479962B4790D400471B4F /* Moya in Frameworks */ = {isa = PBXBuildFile; productRef = DE8479952B4790D400471B4F /* Moya */; };
		DE8479992B4790F000471B4F /* SnapKit in Frameworks */ = {isa = PBXBuildFile; productRef = DE8479982B4790F000471B4F /* SnapKit */; };
		DE84799B2B4790F000471B4F /* SnapKit-Dynamic in Frameworks */ = {isa = PBXBuildFile; productRef = DE84799A2B4790F000471B4F /* SnapKit-Dynamic */; };
		DE84799E2B47910C00471B4F /* Then in Frameworks */ = {isa = PBXBuildFile; productRef = DE84799D2B47910C00471B4F /* Then */; };
		DE8479A12B47912900471B4F /* BaseViewController.swift in Sources */ = {isa = PBXBuildFile; fileRef = DE8479A02B47912900471B4F /* BaseViewController.swift */; };
		DE8479A42B47924200471B4F /* Color+.swift in Sources */ = {isa = PBXBuildFile; fileRef = DE8479A32B47924200471B4F /* Color+.swift */; };
		DE8479A82B479CB700471B4F /* Font+.swift in Sources */ = {isa = PBXBuildFile; fileRef = DE8479A72B479CB700471B4F /* Font+.swift */; };
		DE8479D12B47A0FD00471B4F /* DayCaratLabel.swift in Sources */ = {isa = PBXBuildFile; fileRef = DE8479D02B47A0FD00471B4F /* DayCaratLabel.swift */; };
		DE8479D42B47B7E500471B4F /* DayCaratBtn.swift in Sources */ = {isa = PBXBuildFile; fileRef = DE8479D32B47B7E500471B4F /* DayCaratBtn.swift */; };
		DE8479D62B47DFB800471B4F /* IntroViewController.swift in Sources */ = {isa = PBXBuildFile; fileRef = DE8479D52B47DFB800471B4F /* IntroViewController.swift */; };
		DE8479DB2B47E0D000471B4F /* HomeViewController.swift in Sources */ = {isa = PBXBuildFile; fileRef = DE8479DA2B47E0D000471B4F /* HomeViewController.swift */; };
		DE8479DE2B47E16600471B4F /* EpisodeViewController.swift in Sources */ = {isa = PBXBuildFile; fileRef = DE8479DD2B47E16600471B4F /* EpisodeViewController.swift */; };
		DE8479E22B47E1F400471B4F /* CustomTabBarController.swift in Sources */ = {isa = PBXBuildFile; fileRef = DE8479E12B47E1F400471B4F /* CustomTabBarController.swift */; };
		DE8479E72B47E8BB00471B4F /* Image+.swift in Sources */ = {isa = PBXBuildFile; fileRef = DE8479E62B47E8BB00471B4F /* Image+.swift */; };
		DE86A1B02B4CFFF700C206DE /* LoginViewModel.swift in Sources */ = {isa = PBXBuildFile; fileRef = DE86A1AF2B4CFFF700C206DE /* LoginViewModel.swift */; };
		DE86A1B22B4D03B900C206DE /* StrengthCollectionViewCell.swift in Sources */ = {isa = PBXBuildFile; fileRef = DE86A1B12B4D03B900C206DE /* StrengthCollectionViewCell.swift */; };
		DE86A1B42B4D153300C206DE /* CollectionViewFlowLayout+.swift in Sources */ = {isa = PBXBuildFile; fileRef = DE86A1B32B4D153300C206DE /* CollectionViewFlowLayout+.swift */; };
		DE86A1B62B4D1B5500C206DE /* HomeViewModel.swift in Sources */ = {isa = PBXBuildFile; fileRef = DE86A1B52B4D1B5500C206DE /* HomeViewModel.swift */; };
		DE86A1B82B4D1F4500C206DE /* HomeUseCase.swift in Sources */ = {isa = PBXBuildFile; fileRef = DE86A1B72B4D1F4500C206DE /* HomeUseCase.swift */; };
		DE86A1BA2B4D31E800C206DE /* HelpCollectionViewCell.swift in Sources */ = {isa = PBXBuildFile; fileRef = DE86A1B92B4D31E800C206DE /* HelpCollectionViewCell.swift */; };
		DE86A1BC2B4D357B00C206DE /* CellModel.swift in Sources */ = {isa = PBXBuildFile; fileRef = DE86A1BB2B4D357B00C206DE /* CellModel.swift */; };
/* End PBXBuildFile section */

/* Begin PBXFileReference section */
		090143072B4C052D006EAE30 /* OnBoardingModel.swift */ = {isa = PBXFileReference; lastKnownFileType = sourcecode.swift; path = OnBoardingModel.swift; sourceTree = "<group>"; };
		090143092B4C18B2006EAE30 /* TextField+.swift */ = {isa = PBXFileReference; lastKnownFileType = sourcecode.swift; path = "TextField+.swift"; sourceTree = "<group>"; };
		0901430B2B4C2E21006EAE30 /* JobCollectionViewCell.swift */ = {isa = PBXFileReference; lastKnownFileType = sourcecode.swift; path = JobCollectionViewCell.swift; sourceTree = "<group>"; };
		0901430D2B4C3612006EAE30 /* CollectionView+.swift */ = {isa = PBXFileReference; lastKnownFileType = sourcecode.swift; path = "CollectionView+.swift"; sourceTree = "<group>"; };
		09073D322B46F87E00D840EC /* DayCarat-iOS.app */ = {isa = PBXFileReference; explicitFileType = wrapper.application; includeInIndex = 0; path = "DayCarat-iOS.app"; sourceTree = BUILT_PRODUCTS_DIR; };
		09073D352B46F87E00D840EC /* AppDelegate.swift */ = {isa = PBXFileReference; lastKnownFileType = sourcecode.swift; path = AppDelegate.swift; sourceTree = "<group>"; };
		09073D372B46F87E00D840EC /* SceneDelegate.swift */ = {isa = PBXFileReference; lastKnownFileType = sourcecode.swift; path = SceneDelegate.swift; sourceTree = "<group>"; };
		09073D3E2B46F88200D840EC /* Assets.xcassets */ = {isa = PBXFileReference; lastKnownFileType = folder.assetcatalog; path = Assets.xcassets; sourceTree = "<group>"; };
		09073D412B46F88200D840EC /* Base */ = {isa = PBXFileReference; lastKnownFileType = file.storyboard; name = Base; path = Base.lproj/LaunchScreen.storyboard; sourceTree = "<group>"; };
		09073D432B46F88200D840EC /* Info.plist */ = {isa = PBXFileReference; lastKnownFileType = text.plist.xml; path = Info.plist; sourceTree = "<group>"; };
		09073D502B46FEBA00D840EC /* tempData.swift */ = {isa = PBXFileReference; lastKnownFileType = sourcecode.swift; path = tempData.swift; sourceTree = "<group>"; };
		0967D8B02B4A60F1009CFD0A /* tempInput.swift */ = {isa = PBXFileReference; lastKnownFileType = sourcecode.swift; name = tempInput.swift; path = "DayCarat-iOS/tempInput.swift"; sourceTree = SOURCE_ROOT; };
		0967D8B72B4A6128009CFD0A /* AgreeViewController.swift */ = {isa = PBXFileReference; lastKnownFileType = sourcecode.swift; path = AgreeViewController.swift; sourceTree = "<group>"; };
		0967D8B92B4A62C9009CFD0A /* Pretendard-ExtraBold.otf */ = {isa = PBXFileReference; lastKnownFileType = file; name = "Pretendard-ExtraBold.otf"; path = "DayCarat-iOS/Resource/Pretendard-ExtraBold.otf"; sourceTree = SOURCE_ROOT; };
		0967D8BA2B4A62C9009CFD0A /* Pretendard-SemiBold.otf */ = {isa = PBXFileReference; lastKnownFileType = file; name = "Pretendard-SemiBold.otf"; path = "DayCarat-iOS/Resource/Pretendard-SemiBold.otf"; sourceTree = SOURCE_ROOT; };
		0967D8BB2B4A62C9009CFD0A /* Pretendard-Light.otf */ = {isa = PBXFileReference; lastKnownFileType = file; name = "Pretendard-Light.otf"; path = "DayCarat-iOS/Resource/Pretendard-Light.otf"; sourceTree = SOURCE_ROOT; };
		0967D8BC2B4A62C9009CFD0A /* Pretendard-Regular.otf */ = {isa = PBXFileReference; lastKnownFileType = file; name = "Pretendard-Regular.otf"; path = "DayCarat-iOS/Resource/Pretendard-Regular.otf"; sourceTree = SOURCE_ROOT; };
		0967D8BD2B4A62C9009CFD0A /* Pretendard-ExtraLight.otf */ = {isa = PBXFileReference; lastKnownFileType = file; name = "Pretendard-ExtraLight.otf"; path = "DayCarat-iOS/Resource/Pretendard-ExtraLight.otf"; sourceTree = SOURCE_ROOT; };
		0967D8BE2B4A62C9009CFD0A /* Pretendard-Bold.otf */ = {isa = PBXFileReference; lastKnownFileType = file; name = "Pretendard-Bold.otf"; path = "DayCarat-iOS/Resource/Pretendard-Bold.otf"; sourceTree = SOURCE_ROOT; };
		0967D8BF2B4A62CA009CFD0A /* Pretendard-Black.otf */ = {isa = PBXFileReference; lastKnownFileType = file; name = "Pretendard-Black.otf"; path = "DayCarat-iOS/Resource/Pretendard-Black.otf"; sourceTree = SOURCE_ROOT; };
		0967D8C02B4A62CA009CFD0A /* Pretendard-Medium.otf */ = {isa = PBXFileReference; lastKnownFileType = file; name = "Pretendard-Medium.otf"; path = "DayCarat-iOS/Resource/Pretendard-Medium.otf"; sourceTree = SOURCE_ROOT; };
		0967D8C12B4A62CA009CFD0A /* Pretendard-Thin.otf */ = {isa = PBXFileReference; lastKnownFileType = file; name = "Pretendard-Thin.otf"; path = "DayCarat-iOS/Resource/Pretendard-Thin.otf"; sourceTree = SOURCE_ROOT; };
		0967D8CC2B4A7417009CFD0A /* DayCaratCheckBox.swift */ = {isa = PBXFileReference; lastKnownFileType = sourcecode.swift; path = DayCaratCheckBox.swift; sourceTree = "<group>"; };
		0967D8CE2B4AE19E009CFD0A /* AgreeViewModel.swift */ = {isa = PBXFileReference; lastKnownFileType = sourcecode.swift; path = AgreeViewModel.swift; sourceTree = "<group>"; };
		0967D8DA2B4AF04F009CFD0A /* BaseView.swift */ = {isa = PBXFileReference; lastKnownFileType = sourcecode.swift; path = BaseView.swift; sourceTree = "<group>"; };
		0967D8DC2B4AFB13009CFD0A /* IntroCollectionViewCell.swift */ = {isa = PBXFileReference; lastKnownFileType = sourcecode.swift; name = IntroCollectionViewCell.swift; path = "DayCarat-iOS/Source/Present/Base/IntroCollectionViewCell.swift"; sourceTree = SOURCE_ROOT; };
		09BDC1D02B4D63F400C07F34 /* ScrollView+.swift */ = {isa = PBXFileReference; lastKnownFileType = sourcecode.swift; path = "ScrollView+.swift"; sourceTree = "<group>"; };
		09BDC1D22B4D7E1100C07F34 /* RecentEpiCollectionViewCell.swift */ = {isa = PBXFileReference; lastKnownFileType = sourcecode.swift; path = RecentEpiCollectionViewCell.swift; sourceTree = "<group>"; };
		09BDC1D42B4D818200C07F34 /* BannerCollectionViewCell.swift */ = {isa = PBXFileReference; lastKnownFileType = sourcecode.swift; path = BannerCollectionViewCell.swift; sourceTree = "<group>"; };
		09BDC1D62B4D84F900C07F34 /* NewsCollectionViewCell.swift */ = {isa = PBXFileReference; lastKnownFileType = sourcecode.swift; path = NewsCollectionViewCell.swift; sourceTree = "<group>"; };
		09BDC1D82B4D8AF300C07F34 /* EpisodeInputViewController.swift */ = {isa = PBXFileReference; lastKnownFileType = sourcecode.swift; name = EpisodeInputViewController.swift; path = "DayCarat-iOS/Source/Present/Cell/EpisodeInputViewController.swift"; sourceTree = SOURCE_ROOT; };
		09BDC1DA2B4D8DE600C07F34 /* NavigationController+.swift */ = {isa = PBXFileReference; lastKnownFileType = sourcecode.swift; path = "NavigationController+.swift"; sourceTree = "<group>"; };
		09BDC1DC2B4D966E00C07F34 /* JewelryViewController.swift */ = {isa = PBXFileReference; lastKnownFileType = sourcecode.swift; name = JewelryViewController.swift; path = "DayCarat-iOS/Source/Extension/JewelryViewController.swift"; sourceTree = SOURCE_ROOT; };
		09BDC1DE2B4D96AF00C07F34 /* MyPageViewController.swift */ = {isa = PBXFileReference; lastKnownFileType = sourcecode.swift; name = MyPageViewController.swift; path = "DayCarat-iOS/Source/Extension/MyPageViewController.swift"; sourceTree = SOURCE_ROOT; };
		DE5F41112B4B883400581075 /* IntroModel.swift */ = {isa = PBXFileReference; lastKnownFileType = sourcecode.swift; path = IntroModel.swift; sourceTree = "<group>"; };
		DE5F41132B4B8CF400581075 /* CustomPageControlView.swift */ = {isa = PBXFileReference; lastKnownFileType = sourcecode.swift; path = CustomPageControlView.swift; sourceTree = "<group>"; };
		DE5F41152B4B90A700581075 /* IntroViewModel.swift */ = {isa = PBXFileReference; lastKnownFileType = sourcecode.swift; path = IntroViewModel.swift; sourceTree = "<group>"; };
		DE5F41182B4B90E300581075 /* ViewModelType.swift */ = {isa = PBXFileReference; lastKnownFileType = sourcecode.swift; path = ViewModelType.swift; sourceTree = "<group>"; };
		DE5F41212B4B92B500581075 /* tempRepository.swift */ = {isa = PBXFileReference; lastKnownFileType = sourcecode.swift; path = tempRepository.swift; sourceTree = "<group>"; };
		DE5F41242B4B92CE00581075 /* tempDTO.swift */ = {isa = PBXFileReference; lastKnownFileType = sourcecode.swift; path = tempDTO.swift; sourceTree = "<group>"; };
		DE5F41272B4B92DA00581075 /* tempService.swift */ = {isa = PBXFileReference; lastKnownFileType = sourcecode.swift; path = tempService.swift; sourceTree = "<group>"; };
		DE5F41292B4B953A00581075 /* IntroUseCase.swift */ = {isa = PBXFileReference; lastKnownFileType = sourcecode.swift; path = IntroUseCase.swift; sourceTree = "<group>"; };
		DE5F412C2B4BC50100581075 /* Coordinator.swift */ = {isa = PBXFileReference; lastKnownFileType = sourcecode.swift; path = Coordinator.swift; sourceTree = "<group>"; };
		DE5F412F2B4BD24A00581075 /* OnBoardingViewController.swift */ = {isa = PBXFileReference; lastKnownFileType = sourcecode.swift; path = OnBoardingViewController.swift; sourceTree = "<group>"; };
		DE5F41312B4BD27000581075 /* OnBoardingViewModel.swift */ = {isa = PBXFileReference; lastKnownFileType = sourcecode.swift; path = OnBoardingViewModel.swift; sourceTree = "<group>"; };
		DE5F41332B4BD2EB00581075 /* OnBoardingUseCase.swift */ = {isa = PBXFileReference; lastKnownFileType = sourcecode.swift; path = OnBoardingUseCase.swift; sourceTree = "<group>"; };
		DE5F41352B4BD2F500581075 /* OnBoardingInterface.swift */ = {isa = PBXFileReference; lastKnownFileType = sourcecode.swift; path = OnBoardingInterface.swift; sourceTree = "<group>"; };
		DE5F41372B4BD30200581075 /* OnBoardingRepository.swift */ = {isa = PBXFileReference; lastKnownFileType = sourcecode.swift; path = OnBoardingRepository.swift; sourceTree = "<group>"; };
		DE5F413A2B4BD43300581075 /* InputNameSection.swift */ = {isa = PBXFileReference; lastKnownFileType = sourcecode.swift; path = InputNameSection.swift; sourceTree = "<group>"; };
		DE5F413C2B4BD7F200581075 /* JobSection.swift */ = {isa = PBXFileReference; lastKnownFileType = sourcecode.swift; path = JobSection.swift; sourceTree = "<group>"; };
		DE5F413E2B4BD80D00581075 /* StrengthSection.swift */ = {isa = PBXFileReference; lastKnownFileType = sourcecode.swift; path = StrengthSection.swift; sourceTree = "<group>"; };
		DE5F41452B4BE39100581075 /* OnBoardingCollectionViewCell.swift */ = {isa = PBXFileReference; lastKnownFileType = sourcecode.swift; path = OnBoardingCollectionViewCell.swift; sourceTree = "<group>"; };
		DE8479872B47907D00471B4F /* LoginViewController.swift */ = {isa = PBXFileReference; lastKnownFileType = sourcecode.swift; path = LoginViewController.swift; sourceTree = "<group>"; };
		DE8479A02B47912900471B4F /* BaseViewController.swift */ = {isa = PBXFileReference; lastKnownFileType = sourcecode.swift; path = BaseViewController.swift; sourceTree = "<group>"; };
		DE8479A32B47924200471B4F /* Color+.swift */ = {isa = PBXFileReference; lastKnownFileType = sourcecode.swift; path = "Color+.swift"; sourceTree = "<group>"; };
		DE8479A72B479CB700471B4F /* Font+.swift */ = {isa = PBXFileReference; lastKnownFileType = sourcecode.swift; path = "Font+.swift"; sourceTree = "<group>"; };
		DE8479D02B47A0FD00471B4F /* DayCaratLabel.swift */ = {isa = PBXFileReference; lastKnownFileType = sourcecode.swift; path = DayCaratLabel.swift; sourceTree = "<group>"; };
		DE8479D32B47B7E500471B4F /* DayCaratBtn.swift */ = {isa = PBXFileReference; lastKnownFileType = sourcecode.swift; path = DayCaratBtn.swift; sourceTree = "<group>"; };
		DE8479D52B47DFB800471B4F /* IntroViewController.swift */ = {isa = PBXFileReference; lastKnownFileType = sourcecode.swift; path = IntroViewController.swift; sourceTree = "<group>"; };
		DE8479DA2B47E0D000471B4F /* HomeViewController.swift */ = {isa = PBXFileReference; lastKnownFileType = sourcecode.swift; path = HomeViewController.swift; sourceTree = "<group>"; };
		DE8479DD2B47E16600471B4F /* EpisodeViewController.swift */ = {isa = PBXFileReference; lastKnownFileType = sourcecode.swift; path = EpisodeViewController.swift; sourceTree = "<group>"; };
		DE8479E12B47E1F400471B4F /* CustomTabBarController.swift */ = {isa = PBXFileReference; lastKnownFileType = sourcecode.swift; path = CustomTabBarController.swift; sourceTree = "<group>"; };
		DE8479E62B47E8BB00471B4F /* Image+.swift */ = {isa = PBXFileReference; lastKnownFileType = sourcecode.swift; path = "Image+.swift"; sourceTree = "<group>"; };
		DE86A1AF2B4CFFF700C206DE /* LoginViewModel.swift */ = {isa = PBXFileReference; lastKnownFileType = sourcecode.swift; path = LoginViewModel.swift; sourceTree = "<group>"; };
		DE86A1B12B4D03B900C206DE /* StrengthCollectionViewCell.swift */ = {isa = PBXFileReference; lastKnownFileType = sourcecode.swift; path = StrengthCollectionViewCell.swift; sourceTree = "<group>"; };
		DE86A1B32B4D153300C206DE /* CollectionViewFlowLayout+.swift */ = {isa = PBXFileReference; lastKnownFileType = sourcecode.swift; path = "CollectionViewFlowLayout+.swift"; sourceTree = "<group>"; };
		DE86A1B52B4D1B5500C206DE /* HomeViewModel.swift */ = {isa = PBXFileReference; lastKnownFileType = sourcecode.swift; path = HomeViewModel.swift; sourceTree = "<group>"; };
		DE86A1B72B4D1F4500C206DE /* HomeUseCase.swift */ = {isa = PBXFileReference; lastKnownFileType = sourcecode.swift; path = HomeUseCase.swift; sourceTree = "<group>"; };
		DE86A1B92B4D31E800C206DE /* HelpCollectionViewCell.swift */ = {isa = PBXFileReference; lastKnownFileType = sourcecode.swift; path = HelpCollectionViewCell.swift; sourceTree = "<group>"; };
		DE86A1BB2B4D357B00C206DE /* CellModel.swift */ = {isa = PBXFileReference; lastKnownFileType = sourcecode.swift; path = CellModel.swift; sourceTree = "<group>"; };
/* End PBXFileReference section */

/* Begin PBXFrameworksBuildPhase section */
		09073D2F2B46F87E00D840EC /* Frameworks */ = {
			isa = PBXFrameworksBuildPhase;
			buildActionMask = 2147483647;
			files = (
				DE5F410F2B4B841500581075 /* SkeletonView in Frameworks */,
				DE5F41442B4BE05200581075 /* RxDataSources in Frameworks */,
				DE8479932B4790B500471B4F /* RxRelay in Frameworks */,
				DE84799E2B47910C00471B4F /* Then in Frameworks */,
				0967D8D22B4AE733009CFD0A /* RxGesture in Frameworks */,
				DE5F41422B4BE05200581075 /* Differentiator in Frameworks */,
				DE8479912B4790B500471B4F /* RxCocoa-Dynamic in Frameworks */,
				DE8479962B4790D400471B4F /* Moya in Frameworks */,
				DE84799B2B4790F000471B4F /* SnapKit-Dynamic in Frameworks */,
				DE8479992B4790F000471B4F /* SnapKit in Frameworks */,
				DE84798F2B4790B500471B4F /* RxCocoa in Frameworks */,
				DE84798B2B4790B500471B4F /* RxBlocking in Frameworks */,
				DE84798D2B4790B500471B4F /* RxBlocking-Dynamic in Frameworks */,
			);
			runOnlyForDeploymentPostprocessing = 0;
		};
/* End PBXFrameworksBuildPhase section */

/* Begin PBXGroup section */
		09073D292B46F87E00D840EC = {
			isa = PBXGroup;
			children = (
				09073D342B46F87E00D840EC /* DayCarat-iOS */,
				09073D332B46F87E00D840EC /* Products */,
			);
			sourceTree = "<group>";
		};
		09073D332B46F87E00D840EC /* Products */ = {
			isa = PBXGroup;
			children = (
				09073D322B46F87E00D840EC /* DayCarat-iOS.app */,
			);
			name = Products;
			sourceTree = "<group>";
		};
		09073D342B46F87E00D840EC /* DayCarat-iOS */ = {
			isa = PBXGroup;
			children = (
				09073D432B46F88200D840EC /* Info.plist */,
				09073D492B46FE6A00D840EC /* App */,
				09073D522B46FED100D840EC /* Source */,
				09073D4A2B46FE7800D840EC /* Resource */,
			);
			path = "DayCarat-iOS";
			sourceTree = "<group>";
		};
		09073D492B46FE6A00D840EC /* App */ = {
			isa = PBXGroup;
			children = (
				09073D352B46F87E00D840EC /* AppDelegate.swift */,
				09073D372B46F87E00D840EC /* SceneDelegate.swift */,
			);
			path = App;
			sourceTree = "<group>";
		};
		09073D4A2B46FE7800D840EC /* Resource */ = {
			isa = PBXGroup;
			children = (
				DE8479BC2B479F9000471B4F /* Fonts */,
				09073D3E2B46F88200D840EC /* Assets.xcassets */,
			);
			path = Resource;
			sourceTree = "<group>";
		};
		09073D4B2B46FE8A00D840EC /* Present */ = {
			isa = PBXGroup;
			children = (
				DE8479E02B47E1D600471B4F /* CustomUI */,
				DE8479DF2B47E18700471B4F /* Cell */,
				DE84799F2B47911900471B4F /* Base */,
				DE8479862B478FE000471B4F /* OnBoarding */,
				DE8479D92B47E0B600471B4F /* Home */,
				DE8479E52B47E5CC00471B4F /* EpisodeInput */,
				DE8479DC2B47E12C00471B4F /* Episode */,
				DE8479E32B47E35900471B4F /* JewelryBox */,
				DE8479E42B47E36D00471B4F /* MyPage */,
			);
			path = Present;
			sourceTree = "<group>";
		};
		09073D4C2B46FEA200D840EC /* Domain */ = {
			isa = PBXGroup;
			children = (
				DE5F411D2B4B929000581075 /* Interface */,
				DE5F411A2B4B927F00581075 /* UseCase */,
				DE5F41102B4B854A00581075 /* Model */,
			);
			path = Domain;
			sourceTree = "<group>";
		};
		09073D4F2B46FEB300D840EC /* Data */ = {
			isa = PBXGroup;
			children = (
				DE5F41262B4B92D100581075 /* Service */,
				DE5F41232B4B92C600581075 /* DTO */,
				DE5F41202B4B929E00581075 /* Repository */,
				09073D502B46FEBA00D840EC /* tempData.swift */,
			);
			path = Data;
			sourceTree = "<group>";
		};
		09073D522B46FED100D840EC /* Source */ = {
			isa = PBXGroup;
			children = (
				DE5F41172B4B90CE00581075 /* Protocol */,
				DE8479A22B47922600471B4F /* Extension */,
				DE8479832B478E9D00471B4F /* DesignSystem */,
				09073D4F2B46FEB300D840EC /* Data */,
				09073D4C2B46FEA200D840EC /* Domain */,
				09073D4B2B46FE8A00D840EC /* Present */,
			);
			path = Source;
			sourceTree = "<group>";
		};
		0967D8B62B4A6117009CFD0A /* Agree */ = {
			isa = PBXGroup;
			children = (
				0967D8B72B4A6128009CFD0A /* AgreeViewController.swift */,
				0967D8CE2B4AE19E009CFD0A /* AgreeViewModel.swift */,
			);
			path = Agree;
			sourceTree = "<group>";
		};
		0967D8CB2B4A7404009CFD0A /* CheckBox */ = {
			isa = PBXGroup;
			children = (
				0967D8CC2B4A7417009CFD0A /* DayCaratCheckBox.swift */,
			);
			path = CheckBox;
			sourceTree = "<group>";
		};
		DE5F41102B4B854A00581075 /* Model */ = {
			isa = PBXGroup;
			children = (
				DE5F41112B4B883400581075 /* IntroModel.swift */,
				090143072B4C052D006EAE30 /* OnBoardingModel.swift */,
				DE86A1BB2B4D357B00C206DE /* CellModel.swift */,
			);
			path = Model;
			sourceTree = "<group>";
		};
		DE5F41172B4B90CE00581075 /* Protocol */ = {
			isa = PBXGroup;
			children = (
				DE5F412C2B4BC50100581075 /* Coordinator.swift */,
				DE5F41182B4B90E300581075 /* ViewModelType.swift */,
			);
			path = Protocol;
			sourceTree = "<group>";
		};
		DE5F411A2B4B927F00581075 /* UseCase */ = {
			isa = PBXGroup;
			children = (
				DE5F41292B4B953A00581075 /* IntroUseCase.swift */,
				DE5F41332B4BD2EB00581075 /* OnBoardingUseCase.swift */,
				DE86A1B72B4D1F4500C206DE /* HomeUseCase.swift */,
			);
			path = UseCase;
			sourceTree = "<group>";
		};
		DE5F411D2B4B929000581075 /* Interface */ = {
			isa = PBXGroup;
			children = (
				DE5F41352B4BD2F500581075 /* OnBoardingInterface.swift */,
			);
			path = Interface;
			sourceTree = "<group>";
		};
		DE5F41202B4B929E00581075 /* Repository */ = {
			isa = PBXGroup;
			children = (
				DE5F41212B4B92B500581075 /* tempRepository.swift */,
				DE5F41372B4BD30200581075 /* OnBoardingRepository.swift */,
			);
			path = Repository;
			sourceTree = "<group>";
		};
		DE5F41232B4B92C600581075 /* DTO */ = {
			isa = PBXGroup;
			children = (
				DE5F41242B4B92CE00581075 /* tempDTO.swift */,
			);
			path = DTO;
			sourceTree = "<group>";
		};
		DE5F41262B4B92D100581075 /* Service */ = {
			isa = PBXGroup;
			children = (
				DE5F41272B4B92DA00581075 /* tempService.swift */,
			);
			path = Service;
			sourceTree = "<group>";
		};
		DE5F412E2B4BD22E00581075 /* OnBoarding */ = {
			isa = PBXGroup;
			children = (
				DE5F41392B4BD42100581075 /* Section */,
				DE5F412F2B4BD24A00581075 /* OnBoardingViewController.swift */,
				DE5F41312B4BD27000581075 /* OnBoardingViewModel.swift */,
			);
			path = OnBoarding;
			sourceTree = "<group>";
		};
		DE5F41392B4BD42100581075 /* Section */ = {
			isa = PBXGroup;
			children = (
				DE5F413A2B4BD43300581075 /* InputNameSection.swift */,
				DE5F413C2B4BD7F200581075 /* JobSection.swift */,
				DE5F413E2B4BD80D00581075 /* StrengthSection.swift */,
			);
			path = Section;
			sourceTree = "<group>";
		};
		DE8479832B478E9D00471B4F /* DesignSystem */ = {
			isa = PBXGroup;
			children = (
				0967D8CB2B4A7404009CFD0A /* CheckBox */,
				DE8479D22B47B7DA00471B4F /* Button */,
				DE8479CF2B47A0ED00471B4F /* FontLabel */,
			);
			path = DesignSystem;
			sourceTree = "<group>";
		};
		DE8479862B478FE000471B4F /* OnBoarding */ = {
			isa = PBXGroup;
			children = (
				09073D402B46F88200D840EC /* LaunchScreen.storyboard */,
				DE8479D72B47DFCC00471B4F /* Login */,
				0967D8B62B4A6117009CFD0A /* Agree */,
				DE8479D82B47DFD300471B4F /* Intro */,
				DE5F412E2B4BD22E00581075 /* OnBoarding */,
			);
			path = OnBoarding;
			sourceTree = "<group>";
		};
		DE84799F2B47911900471B4F /* Base */ = {
			isa = PBXGroup;
			children = (
				DE8479A02B47912900471B4F /* BaseViewController.swift */,
				0967D8DA2B4AF04F009CFD0A /* BaseView.swift */,
			);
			path = Base;
			sourceTree = "<group>";
		};
		DE8479A22B47922600471B4F /* Extension */ = {
			isa = PBXGroup;
			children = (
				DE8479A32B47924200471B4F /* Color+.swift */,
				DE8479A72B479CB700471B4F /* Font+.swift */,
				DE8479E62B47E8BB00471B4F /* Image+.swift */,
				090143092B4C18B2006EAE30 /* TextField+.swift */,
				0901430D2B4C3612006EAE30 /* CollectionView+.swift */,
				DE86A1B32B4D153300C206DE /* CollectionViewFlowLayout+.swift */,
				09BDC1D02B4D63F400C07F34 /* ScrollView+.swift */,
				09BDC1DA2B4D8DE600C07F34 /* NavigationController+.swift */,
			);
			path = Extension;
			sourceTree = "<group>";
		};
		DE8479BC2B479F9000471B4F /* Fonts */ = {
			isa = PBXGroup;
			children = (
				0967D8BF2B4A62CA009CFD0A /* Pretendard-Black.otf */,
				0967D8BE2B4A62C9009CFD0A /* Pretendard-Bold.otf */,
				0967D8B92B4A62C9009CFD0A /* Pretendard-ExtraBold.otf */,
				0967D8BD2B4A62C9009CFD0A /* Pretendard-ExtraLight.otf */,
				0967D8BB2B4A62C9009CFD0A /* Pretendard-Light.otf */,
				0967D8C02B4A62CA009CFD0A /* Pretendard-Medium.otf */,
				0967D8BC2B4A62C9009CFD0A /* Pretendard-Regular.otf */,
				0967D8BA2B4A62C9009CFD0A /* Pretendard-SemiBold.otf */,
				0967D8C12B4A62CA009CFD0A /* Pretendard-Thin.otf */,
			);
			path = Fonts;
			sourceTree = "<group>";
		};
		DE8479CF2B47A0ED00471B4F /* FontLabel */ = {
			isa = PBXGroup;
			children = (
				DE8479D02B47A0FD00471B4F /* DayCaratLabel.swift */,
			);
			path = FontLabel;
			sourceTree = "<group>";
		};
		DE8479D22B47B7DA00471B4F /* Button */ = {
			isa = PBXGroup;
			children = (
				DE8479D32B47B7E500471B4F /* DayCaratBtn.swift */,
			);
			path = Button;
			sourceTree = "<group>";
		};
		DE8479D72B47DFCC00471B4F /* Login */ = {
			isa = PBXGroup;
			children = (
				DE8479872B47907D00471B4F /* LoginViewController.swift */,
				DE86A1AF2B4CFFF700C206DE /* LoginViewModel.swift */,
			);
			path = Login;
			sourceTree = "<group>";
		};
		DE8479D82B47DFD300471B4F /* Intro */ = {
			isa = PBXGroup;
			children = (
				DE8479D52B47DFB800471B4F /* IntroViewController.swift */,
				DE5F41152B4B90A700581075 /* IntroViewModel.swift */,
			);
			path = Intro;
			sourceTree = "<group>";
		};
		DE8479D92B47E0B600471B4F /* Home */ = {
			isa = PBXGroup;
			children = (
				DE8479DA2B47E0D000471B4F /* HomeViewController.swift */,
				DE86A1B52B4D1B5500C206DE /* HomeViewModel.swift */,
			);
			path = Home;
			sourceTree = "<group>";
		};
		DE8479DC2B47E12C00471B4F /* Episode */ = {
			isa = PBXGroup;
			children = (
				DE8479DD2B47E16600471B4F /* EpisodeViewController.swift */,
			);
			path = Episode;
			sourceTree = "<group>";
		};
		DE8479DF2B47E18700471B4F /* Cell */ = {
			isa = PBXGroup;
			children = (
				0967D8DC2B4AFB13009CFD0A /* IntroCollectionViewCell.swift */,
				DE5F41452B4BE39100581075 /* OnBoardingCollectionViewCell.swift */,
				0901430B2B4C2E21006EAE30 /* JobCollectionViewCell.swift */,
				DE86A1B12B4D03B900C206DE /* StrengthCollectionViewCell.swift */,
				DE86A1B92B4D31E800C206DE /* HelpCollectionViewCell.swift */,
				09BDC1D22B4D7E1100C07F34 /* RecentEpiCollectionViewCell.swift */,
				09BDC1D42B4D818200C07F34 /* BannerCollectionViewCell.swift */,
				09BDC1D62B4D84F900C07F34 /* NewsCollectionViewCell.swift */,
			);
			path = Cell;
			sourceTree = "<group>";
		};
		DE8479E02B47E1D600471B4F /* CustomUI */ = {
			isa = PBXGroup;
			children = (
				DE8479E12B47E1F400471B4F /* CustomTabBarController.swift */,
				DE5F41132B4B8CF400581075 /* CustomPageControlView.swift */,
			);
			path = CustomUI;
			sourceTree = "<group>";
		};
		DE8479E32B47E35900471B4F /* JewelryBox */ = {
			isa = PBXGroup;
			children = (
				09BDC1DC2B4D966E00C07F34 /* JewelryViewController.swift */,
			);
			path = JewelryBox;
			sourceTree = "<group>";
		};
		DE8479E42B47E36D00471B4F /* MyPage */ = {
			isa = PBXGroup;
			children = (
				09BDC1DE2B4D96AF00C07F34 /* MyPageViewController.swift */,
			);
			path = MyPage;
			sourceTree = "<group>";
		};
		DE8479E52B47E5CC00471B4F /* EpisodeInput */ = {
			isa = PBXGroup;
			children = (
				0967D8B02B4A60F1009CFD0A /* tempInput.swift */,
				09BDC1D82B4D8AF300C07F34 /* EpisodeInputViewController.swift */,
			);
			path = EpisodeInput;
			sourceTree = "<group>";
		};
/* End PBXGroup section */

/* Begin PBXNativeTarget section */
		09073D312B46F87E00D840EC /* DayCarat-iOS */ = {
			isa = PBXNativeTarget;
			buildConfigurationList = 09073D462B46F88200D840EC /* Build configuration list for PBXNativeTarget "DayCarat-iOS" */;
			buildPhases = (
				09073D2E2B46F87E00D840EC /* Sources */,
				09073D2F2B46F87E00D840EC /* Frameworks */,
				09073D302B46F87E00D840EC /* Resources */,
			);
			buildRules = (
			);
			dependencies = (
			);
			name = "DayCarat-iOS";
			packageProductDependencies = (
				DE84798A2B4790B500471B4F /* RxBlocking */,
				DE84798C2B4790B500471B4F /* RxBlocking-Dynamic */,
				DE84798E2B4790B500471B4F /* RxCocoa */,
				DE8479902B4790B500471B4F /* RxCocoa-Dynamic */,
				DE8479922B4790B500471B4F /* RxRelay */,
				DE8479952B4790D400471B4F /* Moya */,
				DE8479982B4790F000471B4F /* SnapKit */,
				DE84799A2B4790F000471B4F /* SnapKit-Dynamic */,
				DE84799D2B47910C00471B4F /* Then */,
				0967D8D12B4AE733009CFD0A /* RxGesture */,
				DE5F410E2B4B841500581075 /* SkeletonView */,
				DE5F41412B4BE05200581075 /* Differentiator */,
				DE5F41432B4BE05200581075 /* RxDataSources */,
			);
			productName = "DayCarat-iOS";
			productReference = 09073D322B46F87E00D840EC /* DayCarat-iOS.app */;
			productType = "com.apple.product-type.application";
		};
/* End PBXNativeTarget section */

/* Begin PBXProject section */
		09073D2A2B46F87E00D840EC /* Project object */ = {
			isa = PBXProject;
			attributes = {
				BuildIndependentTargetsInParallel = 1;
				LastSwiftUpdateCheck = 1510;
				LastUpgradeCheck = 1510;
				TargetAttributes = {
					09073D312B46F87E00D840EC = {
						CreatedOnToolsVersion = 15.1;
					};
				};
			};
			buildConfigurationList = 09073D2D2B46F87E00D840EC /* Build configuration list for PBXProject "DayCarat-iOS" */;
			compatibilityVersion = "Xcode 14.0";
			developmentRegion = en;
			hasScannedForEncodings = 0;
			knownRegions = (
				en,
				Base,
			);
			mainGroup = 09073D292B46F87E00D840EC;
			packageReferences = (
				DE8479892B4790B500471B4F /* XCRemoteSwiftPackageReference "RxSwift" */,
				DE8479942B4790D400471B4F /* XCRemoteSwiftPackageReference "Moya" */,
				DE8479972B4790F000471B4F /* XCRemoteSwiftPackageReference "SnapKit" */,
				DE84799C2B47910C00471B4F /* XCRemoteSwiftPackageReference "Then" */,
				0967D8D02B4AE733009CFD0A /* XCRemoteSwiftPackageReference "RxGesture" */,
				DE5F410D2B4B841500581075 /* XCRemoteSwiftPackageReference "SkeletonView" */,
				DE5F41402B4BE05200581075 /* XCRemoteSwiftPackageReference "RxDataSources" */,
			);
			productRefGroup = 09073D332B46F87E00D840EC /* Products */;
			projectDirPath = "";
			projectRoot = "";
			targets = (
				09073D312B46F87E00D840EC /* DayCarat-iOS */,
			);
		};
/* End PBXProject section */

/* Begin PBXResourcesBuildPhase section */
		09073D302B46F87E00D840EC /* Resources */ = {
			isa = PBXResourcesBuildPhase;
			buildActionMask = 2147483647;
			files = (
				0967D8C62B4A62CA009CFD0A /* Pretendard-ExtraLight.otf in Resources */,
				0967D8C92B4A62CA009CFD0A /* Pretendard-Medium.otf in Resources */,
				0967D8C72B4A62CA009CFD0A /* Pretendard-Bold.otf in Resources */,
				09073D422B46F88200D840EC /* LaunchScreen.storyboard in Resources */,
				0967D8C52B4A62CA009CFD0A /* Pretendard-Regular.otf in Resources */,
				0967D8C82B4A62CA009CFD0A /* Pretendard-Black.otf in Resources */,
				09073D3F2B46F88200D840EC /* Assets.xcassets in Resources */,
				0967D8C22B4A62CA009CFD0A /* Pretendard-ExtraBold.otf in Resources */,
				0967D8C42B4A62CA009CFD0A /* Pretendard-Light.otf in Resources */,
				0967D8CA2B4A62CA009CFD0A /* Pretendard-Thin.otf in Resources */,
				0967D8C32B4A62CA009CFD0A /* Pretendard-SemiBold.otf in Resources */,
			);
			runOnlyForDeploymentPostprocessing = 0;
		};
/* End PBXResourcesBuildPhase section */

/* Begin PBXSourcesBuildPhase section */
		09073D2E2B46F87E00D840EC /* Sources */ = {
			isa = PBXSourcesBuildPhase;
			buildActionMask = 2147483647;
			files = (
				0901430C2B4C2E21006EAE30 /* JobCollectionViewCell.swift in Sources */,
				DE8479882B47907D00471B4F /* LoginViewController.swift in Sources */,
				0967D8DB2B4AF04F009CFD0A /* BaseView.swift in Sources */,
				DE8479A42B47924200471B4F /* Color+.swift in Sources */,
				DE5F41162B4B90A700581075 /* IntroViewModel.swift in Sources */,
				DE8479D62B47DFB800471B4F /* IntroViewController.swift in Sources */,
				DE5F41252B4B92CE00581075 /* tempDTO.swift in Sources */,
				0967D8CD2B4A7417009CFD0A /* DayCaratCheckBox.swift in Sources */,
				DE86A1B02B4CFFF700C206DE /* LoginViewModel.swift in Sources */,
				DE86A1BA2B4D31E800C206DE /* HelpCollectionViewCell.swift in Sources */,
				0967D8CF2B4AE19E009CFD0A /* AgreeViewModel.swift in Sources */,
				09073D362B46F87E00D840EC /* AppDelegate.swift in Sources */,
				09073D382B46F87E00D840EC /* SceneDelegate.swift in Sources */,
				0967D8DD2B4AFB13009CFD0A /* IntroCollectionViewCell.swift in Sources */,
				09BDC1D72B4D84F900C07F34 /* NewsCollectionViewCell.swift in Sources */,
				DE5F413F2B4BD80D00581075 /* StrengthSection.swift in Sources */,
				DE5F41222B4B92B500581075 /* tempRepository.swift in Sources */,
				DE5F41342B4BD2EB00581075 /* OnBoardingUseCase.swift in Sources */,
				DE5F41142B4B8CF400581075 /* CustomPageControlView.swift in Sources */,
				09BDC1D52B4D818200C07F34 /* BannerCollectionViewCell.swift in Sources */,
				09BDC1DD2B4D966E00C07F34 /* JewelryViewController.swift in Sources */,
				DE86A1B42B4D153300C206DE /* CollectionViewFlowLayout+.swift in Sources */,
				09BDC1D92B4D8AF300C07F34 /* EpisodeInputViewController.swift in Sources */,
				09BDC1DB2B4D8DE600C07F34 /* NavigationController+.swift in Sources */,
				DE86A1B62B4D1B5500C206DE /* HomeViewModel.swift in Sources */,
				DE5F41362B4BD2F500581075 /* OnBoardingInterface.swift in Sources */,
				0901430E2B4C3612006EAE30 /* CollectionView+.swift in Sources */,
				DE5F41462B4BE39100581075 /* OnBoardingCollectionViewCell.swift in Sources */,
				DE8479A82B479CB700471B4F /* Font+.swift in Sources */,
				090143082B4C052D006EAE30 /* OnBoardingModel.swift in Sources */,
				DE5F412D2B4BC50100581075 /* Coordinator.swift in Sources */,
				09BDC1D32B4D7E1100C07F34 /* RecentEpiCollectionViewCell.swift in Sources */,
				DE8479E72B47E8BB00471B4F /* Image+.swift in Sources */,
				DE5F41282B4B92DA00581075 /* tempService.swift in Sources */,
				DE5F413D2B4BD7F200581075 /* JobSection.swift in Sources */,
				DE86A1B82B4D1F4500C206DE /* HomeUseCase.swift in Sources */,
				DE8479A12B47912900471B4F /* BaseViewController.swift in Sources */,
				DE8479E22B47E1F400471B4F /* CustomTabBarController.swift in Sources */,
				DE5F41302B4BD24A00581075 /* OnBoardingViewController.swift in Sources */,
				DE5F413B2B4BD43300581075 /* InputNameSection.swift in Sources */,
				DE8479D42B47B7E500471B4F /* DayCaratBtn.swift in Sources */,
				DE86A1B22B4D03B900C206DE /* StrengthCollectionViewCell.swift in Sources */,
				DE5F41382B4BD30200581075 /* OnBoardingRepository.swift in Sources */,
				DE5F41122B4B883400581075 /* IntroModel.swift in Sources */,
				DE8479D12B47A0FD00471B4F /* DayCaratLabel.swift in Sources */,
				09073D512B46FEBA00D840EC /* tempData.swift in Sources */,
				09BDC1DF2B4D96AF00C07F34 /* MyPageViewController.swift in Sources */,
				DE8479DE2B47E16600471B4F /* EpisodeViewController.swift in Sources */,
				0967D8B12B4A60F1009CFD0A /* tempInput.swift in Sources */,
				DE8479DB2B47E0D000471B4F /* HomeViewController.swift in Sources */,
				09BDC1D12B4D63F400C07F34 /* ScrollView+.swift in Sources */,
				0967D8B82B4A6128009CFD0A /* AgreeViewController.swift in Sources */,
				0901430A2B4C18B2006EAE30 /* TextField+.swift in Sources */,
				DE5F41192B4B90E300581075 /* ViewModelType.swift in Sources */,
				DE5F412A2B4B953A00581075 /* IntroUseCase.swift in Sources */,
				DE5F41322B4BD27000581075 /* OnBoardingViewModel.swift in Sources */,
				DE86A1BC2B4D357B00C206DE /* CellModel.swift in Sources */,
			);
			runOnlyForDeploymentPostprocessing = 0;
		};
/* End PBXSourcesBuildPhase section */

/* Begin PBXVariantGroup section */
		09073D402B46F88200D840EC /* LaunchScreen.storyboard */ = {
			isa = PBXVariantGroup;
			children = (
				09073D412B46F88200D840EC /* Base */,
			);
			name = LaunchScreen.storyboard;
			sourceTree = "<group>";
		};
/* End PBXVariantGroup section */

/* Begin XCBuildConfiguration section */
		09073D442B46F88200D840EC /* Debug */ = {
			isa = XCBuildConfiguration;
			buildSettings = {
				ALWAYS_SEARCH_USER_PATHS = NO;
				ASSETCATALOG_COMPILER_GENERATE_SWIFT_ASSET_SYMBOL_EXTENSIONS = YES;
				CLANG_ANALYZER_NONNULL = YES;
				CLANG_ANALYZER_NUMBER_OBJECT_CONVERSION = YES_AGGRESSIVE;
				CLANG_CXX_LANGUAGE_STANDARD = "gnu++20";
				CLANG_ENABLE_MODULES = YES;
				CLANG_ENABLE_OBJC_ARC = YES;
				CLANG_ENABLE_OBJC_WEAK = YES;
				CLANG_WARN_BLOCK_CAPTURE_AUTORELEASING = YES;
				CLANG_WARN_BOOL_CONVERSION = YES;
				CLANG_WARN_COMMA = YES;
				CLANG_WARN_CONSTANT_CONVERSION = YES;
				CLANG_WARN_DEPRECATED_OBJC_IMPLEMENTATIONS = YES;
				CLANG_WARN_DIRECT_OBJC_ISA_USAGE = YES_ERROR;
				CLANG_WARN_DOCUMENTATION_COMMENTS = YES;
				CLANG_WARN_EMPTY_BODY = YES;
				CLANG_WARN_ENUM_CONVERSION = YES;
				CLANG_WARN_INFINITE_RECURSION = YES;
				CLANG_WARN_INT_CONVERSION = YES;
				CLANG_WARN_NON_LITERAL_NULL_CONVERSION = YES;
				CLANG_WARN_OBJC_IMPLICIT_RETAIN_SELF = YES;
				CLANG_WARN_OBJC_LITERAL_CONVERSION = YES;
				CLANG_WARN_OBJC_ROOT_CLASS = YES_ERROR;
				CLANG_WARN_QUOTED_INCLUDE_IN_FRAMEWORK_HEADER = YES;
				CLANG_WARN_RANGE_LOOP_ANALYSIS = YES;
				CLANG_WARN_STRICT_PROTOTYPES = YES;
				CLANG_WARN_SUSPICIOUS_MOVE = YES;
				CLANG_WARN_UNGUARDED_AVAILABILITY = YES_AGGRESSIVE;
				CLANG_WARN_UNREACHABLE_CODE = YES;
				CLANG_WARN__DUPLICATE_METHOD_MATCH = YES;
				COPY_PHASE_STRIP = NO;
				DEBUG_INFORMATION_FORMAT = dwarf;
				ENABLE_STRICT_OBJC_MSGSEND = YES;
				ENABLE_TESTABILITY = YES;
				ENABLE_USER_SCRIPT_SANDBOXING = YES;
				GCC_C_LANGUAGE_STANDARD = gnu17;
				GCC_DYNAMIC_NO_PIC = NO;
				GCC_NO_COMMON_BLOCKS = YES;
				GCC_OPTIMIZATION_LEVEL = 0;
				GCC_PREPROCESSOR_DEFINITIONS = (
					"DEBUG=1",
					"$(inherited)",
				);
				GCC_WARN_64_TO_32_BIT_CONVERSION = YES;
				GCC_WARN_ABOUT_RETURN_TYPE = YES_ERROR;
				GCC_WARN_UNDECLARED_SELECTOR = YES;
				GCC_WARN_UNINITIALIZED_AUTOS = YES_AGGRESSIVE;
				GCC_WARN_UNUSED_FUNCTION = YES;
				GCC_WARN_UNUSED_VARIABLE = YES;
				IPHONEOS_DEPLOYMENT_TARGET = 17.2;
				LOCALIZATION_PREFERS_STRING_CATALOGS = YES;
				MTL_ENABLE_DEBUG_INFO = INCLUDE_SOURCE;
				MTL_FAST_MATH = YES;
				ONLY_ACTIVE_ARCH = YES;
				SDKROOT = iphoneos;
				SWIFT_ACTIVE_COMPILATION_CONDITIONS = "DEBUG $(inherited)";
				SWIFT_OPTIMIZATION_LEVEL = "-Onone";
			};
			name = Debug;
		};
		09073D452B46F88200D840EC /* Release */ = {
			isa = XCBuildConfiguration;
			buildSettings = {
				ALWAYS_SEARCH_USER_PATHS = NO;
				ASSETCATALOG_COMPILER_GENERATE_SWIFT_ASSET_SYMBOL_EXTENSIONS = YES;
				CLANG_ANALYZER_NONNULL = YES;
				CLANG_ANALYZER_NUMBER_OBJECT_CONVERSION = YES_AGGRESSIVE;
				CLANG_CXX_LANGUAGE_STANDARD = "gnu++20";
				CLANG_ENABLE_MODULES = YES;
				CLANG_ENABLE_OBJC_ARC = YES;
				CLANG_ENABLE_OBJC_WEAK = YES;
				CLANG_WARN_BLOCK_CAPTURE_AUTORELEASING = YES;
				CLANG_WARN_BOOL_CONVERSION = YES;
				CLANG_WARN_COMMA = YES;
				CLANG_WARN_CONSTANT_CONVERSION = YES;
				CLANG_WARN_DEPRECATED_OBJC_IMPLEMENTATIONS = YES;
				CLANG_WARN_DIRECT_OBJC_ISA_USAGE = YES_ERROR;
				CLANG_WARN_DOCUMENTATION_COMMENTS = YES;
				CLANG_WARN_EMPTY_BODY = YES;
				CLANG_WARN_ENUM_CONVERSION = YES;
				CLANG_WARN_INFINITE_RECURSION = YES;
				CLANG_WARN_INT_CONVERSION = YES;
				CLANG_WARN_NON_LITERAL_NULL_CONVERSION = YES;
				CLANG_WARN_OBJC_IMPLICIT_RETAIN_SELF = YES;
				CLANG_WARN_OBJC_LITERAL_CONVERSION = YES;
				CLANG_WARN_OBJC_ROOT_CLASS = YES_ERROR;
				CLANG_WARN_QUOTED_INCLUDE_IN_FRAMEWORK_HEADER = YES;
				CLANG_WARN_RANGE_LOOP_ANALYSIS = YES;
				CLANG_WARN_STRICT_PROTOTYPES = YES;
				CLANG_WARN_SUSPICIOUS_MOVE = YES;
				CLANG_WARN_UNGUARDED_AVAILABILITY = YES_AGGRESSIVE;
				CLANG_WARN_UNREACHABLE_CODE = YES;
				CLANG_WARN__DUPLICATE_METHOD_MATCH = YES;
				COPY_PHASE_STRIP = NO;
				DEBUG_INFORMATION_FORMAT = "dwarf-with-dsym";
				ENABLE_NS_ASSERTIONS = NO;
				ENABLE_STRICT_OBJC_MSGSEND = YES;
				ENABLE_USER_SCRIPT_SANDBOXING = YES;
				GCC_C_LANGUAGE_STANDARD = gnu17;
				GCC_NO_COMMON_BLOCKS = YES;
				GCC_WARN_64_TO_32_BIT_CONVERSION = YES;
				GCC_WARN_ABOUT_RETURN_TYPE = YES_ERROR;
				GCC_WARN_UNDECLARED_SELECTOR = YES;
				GCC_WARN_UNINITIALIZED_AUTOS = YES_AGGRESSIVE;
				GCC_WARN_UNUSED_FUNCTION = YES;
				GCC_WARN_UNUSED_VARIABLE = YES;
				IPHONEOS_DEPLOYMENT_TARGET = 17.2;
				LOCALIZATION_PREFERS_STRING_CATALOGS = YES;
				MTL_ENABLE_DEBUG_INFO = NO;
				MTL_FAST_MATH = YES;
				SDKROOT = iphoneos;
				SWIFT_COMPILATION_MODE = wholemodule;
				VALIDATE_PRODUCT = YES;
			};
			name = Release;
		};
		09073D472B46F88200D840EC /* Debug */ = {
			isa = XCBuildConfiguration;
			buildSettings = {
				ASSETCATALOG_COMPILER_APPICON_NAME = AppIcon;
				ASSETCATALOG_COMPILER_GLOBAL_ACCENT_COLOR_NAME = AccentColor;
				CODE_SIGN_STYLE = Automatic;
				CURRENT_PROJECT_VERSION = 1;
				DEVELOPMENT_TEAM = 7H4FGGMZY7;
				GENERATE_INFOPLIST_FILE = YES;
				INFOPLIST_FILE = "DayCarat-iOS/Info.plist";
				INFOPLIST_KEY_UIApplicationSupportsIndirectInputEvents = YES;
				INFOPLIST_KEY_UILaunchStoryboardName = LaunchScreen.storyboard;
				INFOPLIST_KEY_UIMainStoryboardFile = "";
				INFOPLIST_KEY_UISupportedInterfaceOrientations = UIInterfaceOrientationPortrait;
				INFOPLIST_KEY_UIUserInterfaceStyle = Light;
				IPHONEOS_DEPLOYMENT_TARGET = 16.0;
				LD_RUNPATH_SEARCH_PATHS = (
					"$(inherited)",
					"@executable_path/Frameworks",
				);
				MARKETING_VERSION = 1.0;
				PRODUCT_BUNDLE_IDENTIFIER = com.Specker.DayCarat;
				PRODUCT_NAME = "$(TARGET_NAME)";
				SWIFT_EMIT_LOC_STRINGS = YES;
				SWIFT_VERSION = 5.0;
				TARGETED_DEVICE_FAMILY = "1,2";
			};
			name = Debug;
		};
		09073D482B46F88200D840EC /* Release */ = {
			isa = XCBuildConfiguration;
			buildSettings = {
				ASSETCATALOG_COMPILER_APPICON_NAME = AppIcon;
				ASSETCATALOG_COMPILER_GLOBAL_ACCENT_COLOR_NAME = AccentColor;
				CODE_SIGN_STYLE = Automatic;
				CURRENT_PROJECT_VERSION = 1;
				DEVELOPMENT_TEAM = 7H4FGGMZY7;
				GENERATE_INFOPLIST_FILE = YES;
				INFOPLIST_FILE = "DayCarat-iOS/Info.plist";
				INFOPLIST_KEY_UIApplicationSupportsIndirectInputEvents = YES;
				INFOPLIST_KEY_UILaunchStoryboardName = LaunchScreen.storyboard;
				INFOPLIST_KEY_UIMainStoryboardFile = "";
				INFOPLIST_KEY_UISupportedInterfaceOrientations = UIInterfaceOrientationPortrait;
				INFOPLIST_KEY_UIUserInterfaceStyle = Light;
				IPHONEOS_DEPLOYMENT_TARGET = 16.0;
				LD_RUNPATH_SEARCH_PATHS = (
					"$(inherited)",
					"@executable_path/Frameworks",
				);
				MARKETING_VERSION = 1.0;
				PRODUCT_BUNDLE_IDENTIFIER = com.Specker.DayCarat;
				PRODUCT_NAME = "$(TARGET_NAME)";
				SWIFT_EMIT_LOC_STRINGS = YES;
				SWIFT_VERSION = 5.0;
				TARGETED_DEVICE_FAMILY = "1,2";
			};
			name = Release;
		};
/* End XCBuildConfiguration section */

/* Begin XCConfigurationList section */
		09073D2D2B46F87E00D840EC /* Build configuration list for PBXProject "DayCarat-iOS" */ = {
			isa = XCConfigurationList;
			buildConfigurations = (
				09073D442B46F88200D840EC /* Debug */,
				09073D452B46F88200D840EC /* Release */,
			);
			defaultConfigurationIsVisible = 0;
			defaultConfigurationName = Release;
		};
		09073D462B46F88200D840EC /* Build configuration list for PBXNativeTarget "DayCarat-iOS" */ = {
			isa = XCConfigurationList;
			buildConfigurations = (
				09073D472B46F88200D840EC /* Debug */,
				09073D482B46F88200D840EC /* Release */,
			);
			defaultConfigurationIsVisible = 0;
			defaultConfigurationName = Release;
		};
/* End XCConfigurationList section */

/* Begin XCRemoteSwiftPackageReference section */
		0967D8D02B4AE733009CFD0A /* XCRemoteSwiftPackageReference "RxGesture" */ = {
			isa = XCRemoteSwiftPackageReference;
			repositoryURL = "https://github.com/RxSwiftCommunity/RxGesture";
			requirement = {
				kind = upToNextMajorVersion;
				minimumVersion = 4.0.4;
			};
		};
		DE5F410D2B4B841500581075 /* XCRemoteSwiftPackageReference "SkeletonView" */ = {
			isa = XCRemoteSwiftPackageReference;
			repositoryURL = "https://github.com/Juanpe/SkeletonView";
			requirement = {
				kind = upToNextMajorVersion;
				minimumVersion = 1.30.4;
			};
		};
		DE5F41402B4BE05200581075 /* XCRemoteSwiftPackageReference "RxDataSources" */ = {
			isa = XCRemoteSwiftPackageReference;
			repositoryURL = "https://github.com/RxSwiftCommunity/RxDataSources";
			requirement = {
				kind = upToNextMajorVersion;
				minimumVersion = 5.0.2;
			};
		};
		DE8479892B4790B500471B4F /* XCRemoteSwiftPackageReference "RxSwift" */ = {
			isa = XCRemoteSwiftPackageReference;
			repositoryURL = "https://github.com/ReactiveX/RxSwift";
			requirement = {
				kind = upToNextMajorVersion;
				minimumVersion = 6.6.0;
			};
		};
		DE8479942B4790D400471B4F /* XCRemoteSwiftPackageReference "Moya" */ = {
			isa = XCRemoteSwiftPackageReference;
			repositoryURL = "https://github.com/Moya/Moya";
			requirement = {
				kind = upToNextMajorVersion;
				minimumVersion = 15.0.3;
			};
		};
		DE8479972B4790F000471B4F /* XCRemoteSwiftPackageReference "SnapKit" */ = {
			isa = XCRemoteSwiftPackageReference;
			repositoryURL = "https://github.com/SnapKit/SnapKit";
			requirement = {
				kind = upToNextMajorVersion;
				minimumVersion = 5.7.0;
			};
		};
		DE84799C2B47910C00471B4F /* XCRemoteSwiftPackageReference "Then" */ = {
			isa = XCRemoteSwiftPackageReference;
			repositoryURL = "https://github.com/devxoul/Then";
			requirement = {
				kind = upToNextMajorVersion;
				minimumVersion = 3.0.0;
			};
		};
/* End XCRemoteSwiftPackageReference section */

/* Begin XCSwiftPackageProductDependency section */
		0967D8D12B4AE733009CFD0A /* RxGesture */ = {
			isa = XCSwiftPackageProductDependency;
			package = 0967D8D02B4AE733009CFD0A /* XCRemoteSwiftPackageReference "RxGesture" */;
			productName = RxGesture;
		};
		DE5F410E2B4B841500581075 /* SkeletonView */ = {
			isa = XCSwiftPackageProductDependency;
			package = DE5F410D2B4B841500581075 /* XCRemoteSwiftPackageReference "SkeletonView" */;
			productName = SkeletonView;
		};
		DE5F41412B4BE05200581075 /* Differentiator */ = {
			isa = XCSwiftPackageProductDependency;
			package = DE5F41402B4BE05200581075 /* XCRemoteSwiftPackageReference "RxDataSources" */;
			productName = Differentiator;
		};
		DE5F41432B4BE05200581075 /* RxDataSources */ = {
			isa = XCSwiftPackageProductDependency;
			package = DE5F41402B4BE05200581075 /* XCRemoteSwiftPackageReference "RxDataSources" */;
			productName = RxDataSources;
		};
		DE84798A2B4790B500471B4F /* RxBlocking */ = {
			isa = XCSwiftPackageProductDependency;
			package = DE8479892B4790B500471B4F /* XCRemoteSwiftPackageReference "RxSwift" */;
			productName = RxBlocking;
		};
		DE84798C2B4790B500471B4F /* RxBlocking-Dynamic */ = {
			isa = XCSwiftPackageProductDependency;
			package = DE8479892B4790B500471B4F /* XCRemoteSwiftPackageReference "RxSwift" */;
			productName = "RxBlocking-Dynamic";
		};
		DE84798E2B4790B500471B4F /* RxCocoa */ = {
			isa = XCSwiftPackageProductDependency;
			package = DE8479892B4790B500471B4F /* XCRemoteSwiftPackageReference "RxSwift" */;
			productName = RxCocoa;
		};
		DE8479902B4790B500471B4F /* RxCocoa-Dynamic */ = {
			isa = XCSwiftPackageProductDependency;
			package = DE8479892B4790B500471B4F /* XCRemoteSwiftPackageReference "RxSwift" */;
			productName = "RxCocoa-Dynamic";
		};
		DE8479922B4790B500471B4F /* RxRelay */ = {
			isa = XCSwiftPackageProductDependency;
			package = DE8479892B4790B500471B4F /* XCRemoteSwiftPackageReference "RxSwift" */;
			productName = RxRelay;
		};
		DE8479952B4790D400471B4F /* Moya */ = {
			isa = XCSwiftPackageProductDependency;
			package = DE8479942B4790D400471B4F /* XCRemoteSwiftPackageReference "Moya" */;
			productName = Moya;
		};
		DE8479982B4790F000471B4F /* SnapKit */ = {
			isa = XCSwiftPackageProductDependency;
			package = DE8479972B4790F000471B4F /* XCRemoteSwiftPackageReference "SnapKit" */;
			productName = SnapKit;
		};
		DE84799A2B4790F000471B4F /* SnapKit-Dynamic */ = {
			isa = XCSwiftPackageProductDependency;
			package = DE8479972B4790F000471B4F /* XCRemoteSwiftPackageReference "SnapKit" */;
			productName = "SnapKit-Dynamic";
		};
		DE84799D2B47910C00471B4F /* Then */ = {
			isa = XCSwiftPackageProductDependency;
			package = DE84799C2B47910C00471B4F /* XCRemoteSwiftPackageReference "Then" */;
			productName = Then;
		};
/* End XCSwiftPackageProductDependency section */
	};
	rootObject = 09073D2A2B46F87E00D840EC /* Project object */;
}
